// !$*UTF8*$!
{
	archiveVersion = 1;
	classes = {
	};
	objectVersion = 46;
	objects = {

/* Begin PBXBuildFile section */
		6218D60B1F74B2BF000DDBD2 /* AppDelegate.swift in Sources */ = {isa = PBXBuildFile; fileRef = 6218D60A1F74B2BF000DDBD2 /* AppDelegate.swift */; };
		6218D60D1F74B2BF000DDBD2 /* ViewController.swift in Sources */ = {isa = PBXBuildFile; fileRef = 6218D60C1F74B2BF000DDBD2 /* ViewController.swift */; };
		6218D6101F74B2BF000DDBD2 /* Main.storyboard in Resources */ = {isa = PBXBuildFile; fileRef = 6218D60E1F74B2BF000DDBD2 /* Main.storyboard */; };
		6218D6121F74B2BF000DDBD2 /* Assets.xcassets in Resources */ = {isa = PBXBuildFile; fileRef = 6218D6111F74B2BF000DDBD2 /* Assets.xcassets */; };
		6218D6151F74B2BF000DDBD2 /* LaunchScreen.storyboard in Resources */ = {isa = PBXBuildFile; fileRef = 6218D6131F74B2BF000DDBD2 /* LaunchScreen.storyboard */; };
/* End PBXBuildFile section */

/* Begin PBXFileReference section */
		6218D6071F74B2BF000DDBD2 /* practice0922.app */ = {isa = PBXFileReference; explicitFileType = wrapper.application; includeInIndex = 0; path = practice0922.app; sourceTree = BUILT_PRODUCTS_DIR; };
		6218D60A1F74B2BF000DDBD2 /* AppDelegate.swift */ = {isa = PBXFileReference; lastKnownFileType = sourcecode.swift; path = AppDelegate.swift; sourceTree = "<group>"; };
		6218D60C1F74B2BF000DDBD2 /* ViewController.swift */ = {isa = PBXFileReference; lastKnownFileType = sourcecode.swift; path = ViewController.swift; sourceTree = "<group>"; };
		6218D60F1F74B2BF000DDBD2 /* Base */ = {isa = PBXFileReference; lastKnownFileType = file.storyboard; name = Base; path = Base.lproj/Main.storyboard; sourceTree = "<group>"; };
		6218D6111F74B2BF000DDBD2 /* Assets.xcassets */ = {isa = PBXFileReference; lastKnownFileType = folder.assetcatalog; path = Assets.xcassets; sourceTree = "<group>"; };
		6218D6141F74B2BF000DDBD2 /* Base */ = {isa = PBXFileReference; lastKnownFileType = file.storyboard; name = Base; path = Base.lproj/LaunchScreen.storyboard; sourceTree = "<group>"; };
		6218D6161F74B2BF000DDBD2 /* Info.plist */ = {isa = PBXFileReference; lastKnownFileType = text.plist.xml; path = Info.plist; sourceTree = "<group>"; };
/* End PBXFileReference section */

/* Begin PBXFrameworksBuildPhase section */
		6218D6041F74B2BF000DDBD2 /* Frameworks */ = {
			isa = PBXFrameworksBuildPhase;
			buildActionMask = 2147483647;
			files = (
			);
			runOnlyForDeploymentPostprocessing = 0;
		};
/* End PBXFrameworksBuildPhase section */

/* Begin PBXGroup section */
		6218D5FE1F74B2BF000DDBD2 = {
			isa = PBXGroup;
			children = (
				6218D6091F74B2BF000DDBD2 /* practice0922 */,
				6218D6081F74B2BF000DDBD2 /* Products */,
			);
			sourceTree = "<group>";
		};
		6218D6081F74B2BF000DDBD2 /* Products */ = {
			isa = PBXGroup;
			children = (
				6218D6071F74B2BF000DDBD2 /* practice0922.app */,
			);
			name = Products;
			sourceTree = "<group>";
		};
		6218D6091F74B2BF000DDBD2 /* practice0922 */ = {
			isa = PBXGroup;
			children = (
				6218D60A1F74B2BF000DDBD2 /* AppDelegate.swift */,
				6218D60C1F74B2BF000DDBD2 /* ViewController.swift */,
				6218D60E1F74B2BF000DDBD2 /* Main.storyboard */,
				6218D6111F74B2BF000DDBD2 /* Assets.xcassets */,
				6218D6131F74B2BF000DDBD2 /* LaunchScreen.storyboard */,
				6218D6161F74B2BF000DDBD2 /* Info.plist */,
			);
			path = practice0922;
			sourceTree = "<group>";
		};
/* End PBXGroup section */

/* Begin PBXNativeTarget section */
		6218D6061F74B2BF000DDBD2 /* practice0922 */ = {
			isa = PBXNativeTarget;
			buildConfigurationList = 6218D6191F74B2BF000DDBD2 /* Build configuration list for PBXNativeTarget "practice0922" */;
			buildPhases = (
				6218D6031F74B2BF000DDBD2 /* Sources */,
				6218D6041F74B2BF000DDBD2 /* Frameworks */,
				6218D6051F74B2BF000DDBD2 /* Resources */,
			);
			buildRules = (
			);
			dependencies = (
			);
			name = practice0922;
			productName = practice0922;
			productReference = 6218D6071F74B2BF000DDBD2 /* practice0922.app */;
			productType = "com.apple.product-type.application";
		};
/* End PBXNativeTarget section */

/* Begin PBXProject section */
		6218D5FF1F74B2BF000DDBD2 /* Project object */ = {
			isa = PBXProject;
			attributes = {
				LastSwiftUpdateCheck = 0830;
				LastUpgradeCheck = 0830;
				ORGANIZATIONNAME = "ilhan won";
				TargetAttributes = {
					6218D6061F74B2BF000DDBD2 = {
						CreatedOnToolsVersion = 8.3.3;
						ProvisioningStyle = Automatic;
					};
				};
			};
			buildConfigurationList = 6218D6021F74B2BF000DDBD2 /* Build configuration list for PBXProject "practice0922" */;
			compatibilityVersion = "Xcode 3.2";
			developmentRegion = English;
			hasScannedForEncodings = 0;
			knownRegions = (
				en,
				Base,
			);
			mainGroup = 6218D5FE1F74B2BF000DDBD2;
			productRefGroup = 6218D6081F74B2BF000DDBD2 /* Products */;
			projectDirPath = "";
			projectRoot = "";
			targets = (
				6218D6061F74B2BF000DDBD2 /* practice0922 */,
			);
		};
/* End PBXProject section */

/* Begin PBXResourcesBuildPhase section */
		6218D6051F74B2BF000DDBD2 /* Resources */ = {
			isa = PBXResourcesBuildPhase;
			buildActionMask = 2147483647;
			files = (
				6218D6151F74B2BF000DDBD2 /* LaunchScreen.storyboard in Resources */,
				6218D6121F74B2BF000DDBD2 /* Assets.xcassets in Resources */,
				6218D6101F74B2BF000DDBD2 /* Main.storyboard in Resources */,
			);
			runOnlyForDeploymentPostprocessing = 0;
		};
/* End PBXResourcesBuildPhase section */

/* Begin PBXSourcesBuildPhase section */
		6218D6031F74B2BF000DDBD2 /* Sources */ = {
			isa = PBXSourcesBuildPhase;
			buildActionMask = 2147483647;
			files = (
				6218D60D1F74B2BF000DDBD2 /* ViewController.swift in Sources */,
				6218D60B1F74B2BF000DDBD2 /* AppDelegate.swift in Sources */,
			);
			runOnlyForDeploymentPostprocessing = 0;
		};
/* End PBXSourcesBuildPhase section */

/* Begin PBXVariantGroup section */
		6218D60E1F74B2BF000DDBD2 /* Main.storyboard */ = {
			isa = PBXVariantGroup;
			children = (
				6218D60F1F74B2BF000DDBD2 /* Base */,
			);
			name = Main.storyboard;
			sourceTree = "<group>";
		};
		6218D6131F74B2BF000DDBD2 /* LaunchScreen.storyboard */ = {
			isa = PBXVariantGroup;
			children = (
				6218D6141F74B2BF000DDBD2 /* Base */,
			);
			name = LaunchScreen.storyboard;
			sourceTree = "<group>";
		};
/* End PBXVariantGroup section */

/* Begin XCBuildConfiguration section */
		6218D6171F74B2BF000DDBD2 /* Debug */ = {
			isa = XCBuildConfiguration;
			buildSettings = {
				ALWAYS_SEARCH_USER_PATHS = NO;
				CLANG_ANALYZER_NONNULL = YES;
				CLANG_ANALYZER_NUMBER_OBJECT_CONVERSION = YES_AGGRESSIVE;
				CLANG_CXX_LANGUAGE_STANDARD = "gnu++0x";
				CLANG_CXX_LIBRARY = "libc++";
				CLANG_ENABLE_MODULES = YES;
				CLANG_ENABLE_OBJC_ARC = YES;
				CLANG_WARN_BOOL_CONVERSION = YES;
				CLANG_WARN_CONSTANT_CONVERSION = YES;
				CLANG_WARN_DIRECT_OBJC_ISA_USAGE = YES_ERROR;
				CLANG_WARN_DOCUMENTATION_COMMENTS = YES;
				CLANG_WARN_EMPTY_BODY = YES;
				CLANG_WARN_ENUM_CONVERSION = YES;
				CLANG_WARN_INFINITE_RECURSION = YES;
				CLANG_WARN_INT_CONVERSION = YES;
				CLANG_WARN_OBJC_ROOT_CLASS = YES_ERROR;
				CLANG_WARN_SUSPICIOUS_MOVE = YES;
				CLANG_WARN_UNREACHABLE_CODE = YES;
				CLANG_WARN__DUPLICATE_METHOD_MATCH = YES;
				"CODE_SIGN_IDENTITY[sdk=iphoneos*]" = "iPhone Developer";
				COPY_PHASE_STRIP = NO;
				DEBUG_INFORMATION_FORMAT = dwarf;
				ENABLE_STRICT_OBJC_MSGSEND = YES;
				ENABLE_TESTABILITY = YES;
				GCC_C_LANGUAGE_STANDARD = gnu99;
				GCC_DYNAMIC_NO_PIC = NO;
				GCC_NO_COMMON_BLOCKS = YES;
				GCC_OPTIMIZATION_LEVEL = 0;
				GCC_PREPROCESSOR_DEFINITIONS = (
					"DEBUG=1",
					"$(inherited)",
				);
				GCC_WARN_64_TO_32_BIT_CONVERSION = YES;
				GCC_WARN_ABOUT_RETURN_TYPE = YES_ERROR;
				GCC_WARN_UNDECLARED_SELECTOR = YES;
				GCC_WARN_UNINITIALIZED_AUTOS = YES_AGGRESSIVE;
				GCC_WARN_UNUSED_FUNCTION = YES;
				GCC_WARN_UNUSED_VARIABLE = YES;
				IPHONEOS_DEPLOYMENT_TARGET = 10.3;
				MTL_ENABLE_DEBUG_INFO = YES;
				ONLY_ACTIVE_ARCH = YES;
				SDKROOT = iphoneos;
				SWIFT_ACTIVE_COMPILATION_CONDITIONS = DEBUG;
				SWIFT_OPTIMIZATION_LEVEL = "-Onone";
			};
			name = Debug;
		};
		6218D6181F74B2BF000DDBD2 /* Release */ = {
			isa = XCBuildConfiguration;
			buildSettings = {
				ALWAYS_SEARCH_USER_PATHS = NO;
				CLANG_ANALYZER_NONNULL = YES;
				CLANG_ANALYZER_NUMBER_OBJECT_CONVERSION = YES_AGGRESSIVE;
				CLANG_CXX_LANGUAGE_STANDARD = "gnu++0x";
				CLANG_CXX_LIBRARY = "libc++";
				CLANG_ENABLE_MODULES = YES;
				CLANG_ENABLE_OBJC_ARC = YES;
				CLANG_WARN_BOOL_CONVERSION = YES;
				CLANG_WARN_CONSTANT_CONVERSION = YES;
				CLANG_WARN_DIRECT_OBJC_ISA_USAGE = YES_ERROR;
				CLANG_WARN_DOCUMENTATION_COMMENTS = YES;
				CLANG_WARN_EMPTY_BODY = YES;
				CLANG_WARN_ENUM_CONVERSION = YES;
				CLANG_WARN_INFINITE_RECURSION = YES;
				CLANG_WARN_INT_CONVERSION = YES;
				CLANG_WARN_OBJC_ROOT_CLASS = YES_ERROR;
				CLANG_WARN_SUSPICIOUS_MOVE = YES;
				CLANG_WARN_UNREACHABLE_CODE = YES;
				CLANG_WARN__DUPLICATE_METHOD_MATCH = YES;
				"CODE_SIGN_IDENTITY[sdk=iphoneos*]" = "iPhone Developer";
				COPY_PHASE_STRIP = NO;
				DEBUG_INFORMATION_FORMAT = "dwarf-with-dsym";
				ENABLE_NS_ASSERTIONS = NO;
				ENABLE_STRICT_OBJC_MSGSEND = YES;
				GCC_C_LANGUAGE_STANDARD = gnu99;
				GCC_NO_COMMON_BLOCKS = YES;
				GCC_WARN_64_TO_32_BIT_CONVERSION = YES;
				GCC_WARN_ABOUT_RETURN_TYPE = YES_ERROR;
				GCC_WARN_UNDECLARED_SELECTOR = YES;
				GCC_WARN_UNINITIALIZED_AUTOS = YES_AGGRESSIVE;
				GCC_WARN_UNUSED_FUNCTION = YES;
				GCC_WARN_UNUSED_VARIABLE = YES;
				IPHONEOS_DEPLOYMENT_TARGET = 10.3;
				MTL_ENABLE_DEBUG_INFO = NO;
				SDKROOT = iphoneos;
				SWIFT_OPTIMIZATION_LEVEL = "-Owholemodule";
				VALIDATE_PRODUCT = YES;
			};
			name = Release;
		};
		6218D61A1F74B2BF000DDBD2 /* Debug */ = {
			isa = XCBuildConfiguration;
			buildSettings = {
				ASSETCATALOG_COMPILER_APPICON_NAME = AppIcon;
				INFOPLIST_FILE = practice0922/Info.plist;
				LD_RUNPATH_SEARCH_PATHS = "$(inherited) @executable_path/Frameworks";
				PRODUCT_BUNDLE_IDENTIFIER = "-11.practice0922";
				PRODUCT_NAME = "$(TARGET_NAME)";
				SWIFT_VERSION = 3.0;
			};
			name = Debug;
		};
		6218D61B1F74B2BF000DDBD2 /* Release */ = {
			isa = XCBuildConfiguration;
			buildSettings = {
				ASSETCATALOG_COMPILER_APPICON_NAME = AppIcon;
				INFOPLIST_FILE = practice0922/Info.plist;
				LD_RUNPATH_SEARCH_PATHS = "$(inherited) @executable_path/Frameworks";
				PRODUCT_BUNDLE_IDENTIFIER = "-11.practice0922";
				PRODUCT_NAME = "$(TARGET_NAME)";
				SWIFT_VERSION = 3.0;
			};
			name = Release;
		};
/* End XCBuildConfiguration section */

/* Begin XCConfigurationList section */
		6218D6021F74B2BF000DDBD2 /* Build configuration list for PBXProject "practice0922" */ = {
			isa = XCConfigurationList;
			buildConfigurations = (
				6218D6171F74B2BF000DDBD2 /* Debug */,
				6218D6181F74B2BF000DDBD2 /* Release */,
			);
			defaultConfigurationIsVisible = 0;
			defaultConfigurationName = Release;
		};
		6218D6191F74B2BF000DDBD2 /* Build configuration list for PBXNativeTarget "practice0922" */ = {
			isa = XCConfigurationList;
			buildConfigurations = (
				6218D61A1F74B2BF000DDBD2 /* Debug */,
				6218D61B1F74B2BF000DDBD2 /* Release */,
			);
			defaultConfigurationIsVisible = 0;
		};
/* End XCConfigurationList section */
	};
	rootObject = 6218D5FF1F74B2BF000DDBD2 /* Project object */;
}
